// !$*UTF8*$!
{
	archiveVersion = 1;
	classes = {
	};
	objectVersion = 46;
	objects = {

/* Begin PBXBuildFile section */
		2AD0858D165979970062B1D1 /* UIKit.framework in Frameworks */ = {isa = PBXBuildFile; fileRef = 2AD0858C165979960062B1D1 /* UIKit.framework */; };
		2AD0858F165979970062B1D1 /* Foundation.framework in Frameworks */ = {isa = PBXBuildFile; fileRef = 2AD0858E165979970062B1D1 /* Foundation.framework */; };
		2AD08591165979970062B1D1 /* CoreGraphics.framework in Frameworks */ = {isa = PBXBuildFile; fileRef = 2AD08590165979970062B1D1 /* CoreGraphics.framework */; };
		2AD08597165979970062B1D1 /* InfoPlist.strings in Resources */ = {isa = PBXBuildFile; fileRef = 2AD08595165979970062B1D1 /* InfoPlist.strings */; };
		2AD08599165979970062B1D1 /* main.m in Sources */ = {isa = PBXBuildFile; fileRef = 2AD08598165979970062B1D1 /* main.m */; };
		2AD0859D165979970062B1D1 /* AppDelegate.m in Sources */ = {isa = PBXBuildFile; fileRef = 2AD0859C165979970062B1D1 /* AppDelegate.m */; };
		2AD0859F165979970062B1D1 /* Default.png in Resources */ = {isa = PBXBuildFile; fileRef = 2AD0859E165979970062B1D1 /* Default.png */; };
		2AD085A1165979970062B1D1 /* Default@2x.png in Resources */ = {isa = PBXBuildFile; fileRef = 2AD085A0165979970062B1D1 /* Default@2x.png */; };
		2AD085A3165979970062B1D1 /* Default-568h@2x.png in Resources */ = {isa = PBXBuildFile; fileRef = 2AD085A2165979970062B1D1 /* Default-568h@2x.png */; };
		2AD085A6165979970062B1D1 /* MainStoryboard_iPhone.storyboard in Resources */ = {isa = PBXBuildFile; fileRef = 2AD085A4165979970062B1D1 /* MainStoryboard_iPhone.storyboard */; };
		2AD085A9165979970062B1D1 /* MainStoryboard_iPad.storyboard in Resources */ = {isa = PBXBuildFile; fileRef = 2AD085A7165979970062B1D1 /* MainStoryboard_iPad.storyboard */; };
		2AD085AC165979970062B1D1 /* FirstViewController.m in Sources */ = {isa = PBXBuildFile; fileRef = 2AD085AB165979970062B1D1 /* FirstViewController.m */; };
		2AD085AE165979970062B1D1 /* first.png in Resources */ = {isa = PBXBuildFile; fileRef = 2AD085AD165979970062B1D1 /* first.png */; };
		2AD085B0165979970062B1D1 /* first@2x.png in Resources */ = {isa = PBXBuildFile; fileRef = 2AD085AF165979970062B1D1 /* first@2x.png */; };
		2AD085B3165979970062B1D1 /* SecondViewController.m in Sources */ = {isa = PBXBuildFile; fileRef = 2AD085B2165979970062B1D1 /* SecondViewController.m */; };
		2AD085B5165979970062B1D1 /* second.png in Resources */ = {isa = PBXBuildFile; fileRef = 2AD085B4165979970062B1D1 /* second.png */; };
		2AD085B7165979970062B1D1 /* second@2x.png in Resources */ = {isa = PBXBuildFile; fileRef = 2AD085B6165979970062B1D1 /* second@2x.png */; };
		2AD085BF165979970062B1D1 /* SenTestingKit.framework in Frameworks */ = {isa = PBXBuildFile; fileRef = 2AD085BE165979970062B1D1 /* SenTestingKit.framework */; };
		2AD085C0165979970062B1D1 /* UIKit.framework in Frameworks */ = {isa = PBXBuildFile; fileRef = 2AD0858C165979960062B1D1 /* UIKit.framework */; };
		2AD085C1165979970062B1D1 /* Foundation.framework in Frameworks */ = {isa = PBXBuildFile; fileRef = 2AD0858E165979970062B1D1 /* Foundation.framework */; };
		2AD085C9165979970062B1D1 /* InfoPlist.strings in Resources */ = {isa = PBXBuildFile; fileRef = 2AD085C7165979970062B1D1 /* InfoPlist.strings */; };
		2AD085CC165979970062B1D1 /* DemoTests.m in Sources */ = {isa = PBXBuildFile; fileRef = 2AD085CB165979970062B1D1 /* DemoTests.m */; };
/* End PBXBuildFile section */

/* Begin PBXContainerItemProxy section */
		2AD085C2165979970062B1D1 /* PBXContainerItemProxy */ = {
			isa = PBXContainerItemProxy;
			containerPortal = 2AD0857F165979960062B1D1 /* Project object */;
			proxyType = 1;
			remoteGlobalIDString = 2AD08587165979960062B1D1;
			remoteInfo = Demo;
		};
/* End PBXContainerItemProxy section */

/* Begin PBXFileReference section */
		2AD08588165979960062B1D1 /* Demo.app */ = {isa = PBXFileReference; explicitFileType = wrapper.application; includeInIndex = 0; path = Demo.app; sourceTree = BUILT_PRODUCTS_DIR; };
		2AD0858C165979960062B1D1 /* UIKit.framework */ = {isa = PBXFileReference; lastKnownFileType = wrapper.framework; name = UIKit.framework; path = System/Library/Frameworks/UIKit.framework; sourceTree = SDKROOT; };
		2AD0858E165979970062B1D1 /* Foundation.framework */ = {isa = PBXFileReference; lastKnownFileType = wrapper.framework; name = Foundation.framework; path = System/Library/Frameworks/Foundation.framework; sourceTree = SDKROOT; };
		2AD08590165979970062B1D1 /* CoreGraphics.framework */ = {isa = PBXFileReference; lastKnownFileType = wrapper.framework; name = CoreGraphics.framework; path = System/Library/Frameworks/CoreGraphics.framework; sourceTree = SDKROOT; };
		2AD08594165979970062B1D1 /* Demo-Info.plist */ = {isa = PBXFileReference; lastKnownFileType = text.plist.xml; path = "Demo-Info.plist"; sourceTree = "<group>"; };
		2AD08596165979970062B1D1 /* en */ = {isa = PBXFileReference; lastKnownFileType = text.plist.strings; name = en; path = en.lproj/InfoPlist.strings; sourceTree = "<group>"; };
		2AD08598165979970062B1D1 /* main.m */ = {isa = PBXFileReference; lastKnownFileType = sourcecode.c.objc; path = main.m; sourceTree = "<group>"; };
		2AD0859A165979970062B1D1 /* Demo-Prefix.pch */ = {isa = PBXFileReference; lastKnownFileType = sourcecode.c.h; path = "Demo-Prefix.pch"; sourceTree = "<group>"; };
		2AD0859B165979970062B1D1 /* AppDelegate.h */ = {isa = PBXFileReference; lastKnownFileType = sourcecode.c.h; path = AppDelegate.h; sourceTree = "<group>"; };
		2AD0859C165979970062B1D1 /* AppDelegate.m */ = {isa = PBXFileReference; lastKnownFileType = sourcecode.c.objc; path = AppDelegate.m; sourceTree = "<group>"; };
		2AD0859E165979970062B1D1 /* Default.png */ = {isa = PBXFileReference; lastKnownFileType = image.png; path = Default.png; sourceTree = "<group>"; };
		2AD085A0165979970062B1D1 /* Default@2x.png */ = {isa = PBXFileReference; lastKnownFileType = image.png; path = "Default@2x.png"; sourceTree = "<group>"; };
		2AD085A2165979970062B1D1 /* Default-568h@2x.png */ = {isa = PBXFileReference; lastKnownFileType = image.png; path = "Default-568h@2x.png"; sourceTree = "<group>"; };
		2AD085A5165979970062B1D1 /* en */ = {isa = PBXFileReference; lastKnownFileType = file.storyboard; name = en; path = en.lproj/MainStoryboard_iPhone.storyboard; sourceTree = "<group>"; };
		2AD085A8165979970062B1D1 /* en */ = {isa = PBXFileReference; lastKnownFileType = file.storyboard; name = en; path = en.lproj/MainStoryboard_iPad.storyboard; sourceTree = "<group>"; };
		2AD085AA165979970062B1D1 /* FirstViewController.h */ = {isa = PBXFileReference; lastKnownFileType = sourcecode.c.h; path = FirstViewController.h; sourceTree = "<group>"; };
		2AD085AB165979970062B1D1 /* FirstViewController.m */ = {isa = PBXFileReference; lastKnownFileType = sourcecode.c.objc; path = FirstViewController.m; sourceTree = "<group>"; };
		2AD085AD165979970062B1D1 /* first.png */ = {isa = PBXFileReference; lastKnownFileType = image.png; path = first.png; sourceTree = "<group>"; };
		2AD085AF165979970062B1D1 /* first@2x.png */ = {isa = PBXFileReference; lastKnownFileType = image.png; path = "first@2x.png"; sourceTree = "<group>"; };
		2AD085B1165979970062B1D1 /* SecondViewController.h */ = {isa = PBXFileReference; lastKnownFileType = sourcecode.c.h; path = SecondViewController.h; sourceTree = "<group>"; };
		2AD085B2165979970062B1D1 /* SecondViewController.m */ = {isa = PBXFileReference; lastKnownFileType = sourcecode.c.objc; path = SecondViewController.m; sourceTree = "<group>"; };
		2AD085B4165979970062B1D1 /* second.png */ = {isa = PBXFileReference; lastKnownFileType = image.png; path = second.png; sourceTree = "<group>"; };
		2AD085B6165979970062B1D1 /* second@2x.png */ = {isa = PBXFileReference; lastKnownFileType = image.png; path = "second@2x.png"; sourceTree = "<group>"; };
		2AD085BD165979970062B1D1 /* DemoTests.octest */ = {isa = PBXFileReference; explicitFileType = wrapper.cfbundle; includeInIndex = 0; path = DemoTests.octest; sourceTree = BUILT_PRODUCTS_DIR; };
		2AD085BE165979970062B1D1 /* SenTestingKit.framework */ = {isa = PBXFileReference; lastKnownFileType = wrapper.framework; name = SenTestingKit.framework; path = Library/Frameworks/SenTestingKit.framework; sourceTree = DEVELOPER_DIR; };
		2AD085C6165979970062B1D1 /* DemoTests-Info.plist */ = {isa = PBXFileReference; lastKnownFileType = text.plist.xml; path = "DemoTests-Info.plist"; sourceTree = "<group>"; };
		2AD085C8165979970062B1D1 /* en */ = {isa = PBXFileReference; lastKnownFileType = text.plist.strings; name = en; path = en.lproj/InfoPlist.strings; sourceTree = "<group>"; };
		2AD085CA165979970062B1D1 /* DemoTests.h */ = {isa = PBXFileReference; lastKnownFileType = sourcecode.c.h; path = DemoTests.h; sourceTree = "<group>"; };
		2AD085CB165979970062B1D1 /* DemoTests.m */ = {isa = PBXFileReference; lastKnownFileType = sourcecode.c.objc; path = DemoTests.m; sourceTree = "<group>"; };
/* End PBXFileReference section */

/* Begin PBXFrameworksBuildPhase section */
		2AD08585165979960062B1D1 /* Frameworks */ = {
			isa = PBXFrameworksBuildPhase;
			buildActionMask = 2147483647;
			files = (
				2AD0858D165979970062B1D1 /* UIKit.framework in Frameworks */,
				2AD0858F165979970062B1D1 /* Foundation.framework in Frameworks */,
				2AD08591165979970062B1D1 /* CoreGraphics.framework in Frameworks */,
			);
			runOnlyForDeploymentPostprocessing = 0;
		};
		2AD085B9165979970062B1D1 /* Frameworks */ = {
			isa = PBXFrameworksBuildPhase;
			buildActionMask = 2147483647;
			files = (
				2AD085BF165979970062B1D1 /* SenTestingKit.framework in Frameworks */,
				2AD085C0165979970062B1D1 /* UIKit.framework in Frameworks */,
				2AD085C1165979970062B1D1 /* Foundation.framework in Frameworks */,
			);
			runOnlyForDeploymentPostprocessing = 0;
		};
/* End PBXFrameworksBuildPhase section */

/* Begin PBXGroup section */
		2AD0857D165979960062B1D1 = {
			isa = PBXGroup;
			children = (
				2AD08592165979970062B1D1 /* Demo */,
				2AD085C4165979970062B1D1 /* DemoTests */,
				2AD0858B165979960062B1D1 /* Frameworks */,
				2AD08589165979960062B1D1 /* Products */,
			);
			sourceTree = "<group>";
		};
		2AD08589165979960062B1D1 /* Products */ = {
			isa = PBXGroup;
			children = (
				2AD08588165979960062B1D1 /* Demo.app */,
				2AD085BD165979970062B1D1 /* DemoTests.octest */,
			);
			name = Products;
			sourceTree = "<group>";
		};
		2AD0858B165979960062B1D1 /* Frameworks */ = {
			isa = PBXGroup;
			children = (
				2AD0858C165979960062B1D1 /* UIKit.framework */,
				2AD0858E165979970062B1D1 /* Foundation.framework */,
				2AD08590165979970062B1D1 /* CoreGraphics.framework */,
				2AD085BE165979970062B1D1 /* SenTestingKit.framework */,
			);
			name = Frameworks;
			sourceTree = "<group>";
		};
		2AD08592165979970062B1D1 /* Demo */ = {
			isa = PBXGroup;
			children = (
				2AD0859B165979970062B1D1 /* AppDelegate.h */,
				2AD0859C165979970062B1D1 /* AppDelegate.m */,
				2AD085A4165979970062B1D1 /* MainStoryboard_iPhone.storyboard */,
				2AD085A7165979970062B1D1 /* MainStoryboard_iPad.storyboard */,
				2AD085AA165979970062B1D1 /* FirstViewController.h */,
				2AD085AB165979970062B1D1 /* FirstViewController.m */,
				2AD085AD165979970062B1D1 /* first.png */,
				2AD085AF165979970062B1D1 /* first@2x.png */,
				2AD085B1165979970062B1D1 /* SecondViewController.h */,
				2AD085B2165979970062B1D1 /* SecondViewController.m */,
				2AD085B4165979970062B1D1 /* second.png */,
				2AD085B6165979970062B1D1 /* second@2x.png */,
				2AD08593165979970062B1D1 /* Supporting Files */,
			);
			path = Demo;
			sourceTree = "<group>";
		};
		2AD08593165979970062B1D1 /* Supporting Files */ = {
			isa = PBXGroup;
			children = (
				2AD08594165979970062B1D1 /* Demo-Info.plist */,
				2AD08595165979970062B1D1 /* InfoPlist.strings */,
				2AD08598165979970062B1D1 /* main.m */,
				2AD0859A165979970062B1D1 /* Demo-Prefix.pch */,
				2AD0859E165979970062B1D1 /* Default.png */,
				2AD085A0165979970062B1D1 /* Default@2x.png */,
				2AD085A2165979970062B1D1 /* Default-568h@2x.png */,
			);
			name = "Supporting Files";
			sourceTree = "<group>";
		};
		2AD085C4165979970062B1D1 /* DemoTests */ = {
			isa = PBXGroup;
			children = (
				2AD085CA165979970062B1D1 /* DemoTests.h */,
				2AD085CB165979970062B1D1 /* DemoTests.m */,
				2AD085C5165979970062B1D1 /* Supporting Files */,
			);
			path = DemoTests;
			sourceTree = "<group>";
		};
		2AD085C5165979970062B1D1 /* Supporting Files */ = {
			isa = PBXGroup;
			children = (
				2AD085C6165979970062B1D1 /* DemoTests-Info.plist */,
				2AD085C7165979970062B1D1 /* InfoPlist.strings */,
			);
			name = "Supporting Files";
			sourceTree = "<group>";
		};
/* End PBXGroup section */

/* Begin PBXNativeTarget section */
		2AD08587165979960062B1D1 /* Demo */ = {
			isa = PBXNativeTarget;
			buildConfigurationList = 2AD085CF165979970062B1D1 /* Build configuration list for PBXNativeTarget "Demo" */;
			buildPhases = (
				2AD08584165979960062B1D1 /* Sources */,
				2AD08585165979960062B1D1 /* Frameworks */,
				2AD08586165979960062B1D1 /* Resources */,
			);
			buildRules = (
			);
			dependencies = (
			);
			name = Demo;
			productName = Demo;
			productReference = 2AD08588165979960062B1D1 /* Demo.app */;
			productType = "com.apple.product-type.application";
		};
		2AD085BC165979970062B1D1 /* DemoTests */ = {
			isa = PBXNativeTarget;
			buildConfigurationList = 2AD085D2165979970062B1D1 /* Build configuration list for PBXNativeTarget "DemoTests" */;
			buildPhases = (
				2AD085B8165979970062B1D1 /* Sources */,
				2AD085B9165979970062B1D1 /* Frameworks */,
				2AD085BA165979970062B1D1 /* Resources */,
				2AD085BB165979970062B1D1 /* ShellScript */,
			);
			buildRules = (
			);
			dependencies = (
				2AD085C3165979970062B1D1 /* PBXTargetDependency */,
			);
			name = DemoTests;
			productName = DemoTests;
			productReference = 2AD085BD165979970062B1D1 /* DemoTests.octest */;
			productType = "com.apple.product-type.bundle";
		};
/* End PBXNativeTarget section */

/* Begin PBXProject section */
		2AD0857F165979960062B1D1 /* Project object */ = {
			isa = PBXProject;
			attributes = {
				LastUpgradeCheck = 0450;
				ORGANIZATIONNAME = "Kai Peng";
			};
			buildConfigurationList = 2AD08582165979960062B1D1 /* Build configuration list for PBXProject "Demo" */;
			compatibilityVersion = "Xcode 3.2";
			developmentRegion = English;
			hasScannedForEncodings = 0;
			knownRegions = (
				en,
			);
			mainGroup = 2AD0857D165979960062B1D1;
			productRefGroup = 2AD08589165979960062B1D1 /* Products */;
			projectDirPath = "";
			projectRoot = "";
			targets = (
				2AD08587165979960062B1D1 /* Demo */,
				2AD085BC165979970062B1D1 /* DemoTests */,
			);
		};
/* End PBXProject section */

/* Begin PBXResourcesBuildPhase section */
		2AD08586165979960062B1D1 /* Resources */ = {
			isa = PBXResourcesBuildPhase;
			buildActionMask = 2147483647;
			files = (
				2AD08597165979970062B1D1 /* InfoPlist.strings in Resources */,
				2AD0859F165979970062B1D1 /* Default.png in Resources */,
				2AD085A1165979970062B1D1 /* Default@2x.png in Resources */,
				2AD085A3165979970062B1D1 /* Default-568h@2x.png in Resources */,
				2AD085A6165979970062B1D1 /* MainStoryboard_iPhone.storyboard in Resources */,
				2AD085A9165979970062B1D1 /* MainStoryboard_iPad.storyboard in Resources */,
				2AD085AE165979970062B1D1 /* first.png in Resources */,
				2AD085B0165979970062B1D1 /* first@2x.png in Resources */,
				2AD085B5165979970062B1D1 /* second.png in Resources */,
				2AD085B7165979970062B1D1 /* second@2x.png in Resources */,
			);
			runOnlyForDeploymentPostprocessing = 0;
		};
		2AD085BA165979970062B1D1 /* Resources */ = {
			isa = PBXResourcesBuildPhase;
			buildActionMask = 2147483647;
			files = (
				2AD085C9165979970062B1D1 /* InfoPlist.strings in Resources */,
			);
			runOnlyForDeploymentPostprocessing = 0;
		};
/* End PBXResourcesBuildPhase section */

/* Begin PBXShellScriptBuildPhase section */
		2AD085BB165979970062B1D1 /* ShellScript */ = {
			isa = PBXShellScriptBuildPhase;
			buildActionMask = 2147483647;
			files = (
			);
			inputPaths = (
			);
			outputPaths = (
			);
			runOnlyForDeploymentPostprocessing = 0;
			shellPath = /bin/sh;
			shellScript = "# Run the unit tests in this test bundle.\n\"${SYSTEM_DEVELOPER_DIR}/Tools/RunUnitTests\"\n";
		};
/* End PBXShellScriptBuildPhase section */

/* Begin PBXSourcesBuildPhase section */
		2AD08584165979960062B1D1 /* Sources */ = {
			isa = PBXSourcesBuildPhase;
			buildActionMask = 2147483647;
			files = (
				2AD08599165979970062B1D1 /* main.m in Sources */,
				2AD0859D165979970062B1D1 /* AppDelegate.m in Sources */,
				2AD085AC165979970062B1D1 /* FirstViewController.m in Sources */,
				2AD085B3165979970062B1D1 /* SecondViewController.m in Sources */,
			);
			runOnlyForDeploymentPostprocessing = 0;
		};
		2AD085B8165979970062B1D1 /* Sources */ = {
			isa = PBXSourcesBuildPhase;
			buildActionMask = 2147483647;
			files = (
				2AD085CC165979970062B1D1 /* DemoTests.m in Sources */,
			);
			runOnlyForDeploymentPostprocessing = 0;
		};
/* End PBXSourcesBuildPhase section */

/* Begin PBXTargetDependency section */
		2AD085C3165979970062B1D1 /* PBXTargetDependency */ = {
			isa = PBXTargetDependency;
			target = 2AD08587165979960062B1D1 /* Demo */;
			targetProxy = 2AD085C2165979970062B1D1 /* PBXContainerItemProxy */;
		};
/* End PBXTargetDependency section */

/* Begin PBXVariantGroup section */
		2AD08595165979970062B1D1 /* InfoPlist.strings */ = {
			isa = PBXVariantGroup;
			children = (
				2AD08596165979970062B1D1 /* en */,
			);
			name = InfoPlist.strings;
			sourceTree = "<group>";
		};
		2AD085A4165979970062B1D1 /* MainStoryboard_iPhone.storyboard */ = {
			isa = PBXVariantGroup;
			children = (
				2AD085A5165979970062B1D1 /* en */,
			);
			name = MainStoryboard_iPhone.storyboard;
			sourceTree = "<group>";
		};
		2AD085A7165979970062B1D1 /* MainStoryboard_iPad.storyboard */ = {
			isa = PBXVariantGroup;
			children = (
				2AD085A8165979970062B1D1 /* en */,
			);
			name = MainStoryboard_iPad.storyboard;
			sourceTree = "<group>";
		};
		2AD085C7165979970062B1D1 /* InfoPlist.strings */ = {
			isa = PBXVariantGroup;
			children = (
				2AD085C8165979970062B1D1 /* en */,
			);
			name = InfoPlist.strings;
			sourceTree = "<group>";
		};
/* End PBXVariantGroup section */

/* Begin XCBuildConfiguration section */
		2AD085CD165979970062B1D1 /* Debug */ = {
			isa = XCBuildConfiguration;
			buildSettings = {
				ALWAYS_SEARCH_USER_PATHS = NO;
				CLANG_CXX_LANGUAGE_STANDARD = "gnu++0x";
				CLANG_CXX_LIBRARY = "libc++";
				CLANG_WARN_EMPTY_BODY = YES;
				CLANG_WARN__DUPLICATE_METHOD_MATCH = YES;
				"CODE_SIGN_IDENTITY[sdk=iphoneos*]" = "iPhone Developer";
				COPY_PHASE_STRIP = NO;
				GCC_C_LANGUAGE_STANDARD = gnu99;
				GCC_DYNAMIC_NO_PIC = NO;
				GCC_OPTIMIZATION_LEVEL = 0;
				GCC_PREPROCESSOR_DEFINITIONS = (
					"DEBUG=1",
					"$(inherited)",
				);
				GCC_SYMBOLS_PRIVATE_EXTERN = NO;
				GCC_WARN_ABOUT_RETURN_TYPE = YES;
				GCC_WARN_UNINITIALIZED_AUTOS = YES;
				GCC_WARN_UNUSED_VARIABLE = YES;
				IPHONEOS_DEPLOYMENT_TARGET = 6.0;
				ONLY_ACTIVE_ARCH = YES;
				SDKROOT = iphoneos;
				TARGETED_DEVICE_FAMILY = "1,2";
			};
			name = Debug;
		};
		2AD085CE165979970062B1D1 /* Release */ = {
			isa = XCBuildConfiguration;
			buildSettings = {
				ALWAYS_SEARCH_USER_PATHS = NO;
				CLANG_CXX_LANGUAGE_STANDARD = "gnu++0x";
				CLANG_CXX_LIBRARY = "libc++";
				CLANG_WARN_EMPTY_BODY = YES;
				CLANG_WARN__DUPLICATE_METHOD_MATCH = YES;
				"CODE_SIGN_IDENTITY[sdk=iphoneos*]" = "iPhone Developer";
				COPY_PHASE_STRIP = YES;
				GCC_C_LANGUAGE_STANDARD = gnu99;
				GCC_WARN_ABOUT_RETURN_TYPE = YES;
				GCC_WARN_UNINITIALIZED_AUTOS = YES;
				GCC_WARN_UNUSED_VARIABLE = YES;
				IPHONEOS_DEPLOYMENT_TARGET = 6.0;
				OTHER_CFLAGS = "-DNS_BLOCK_ASSERTIONS=1";
				SDKROOT = iphoneos;
				TARGETED_DEVICE_FAMILY = "1,2";
				VALIDATE_PRODUCT = YES;
			};
			name = Release;
		};
		2AD085D0165979970062B1D1 /* Debug */ = {
			isa = XCBuildConfiguration;
			buildSettings = {
				GCC_PRECOMPILE_PREFIX_HEADER = YES;
				GCC_PREFIX_HEADER = "Demo/Demo-Prefix.pch";
				INFOPLIST_FILE = "Demo/Demo-Info.plist";
				PRODUCT_NAME = "$(TARGET_NAME)";
				WRAPPER_EXTENSION = app;
			};
			name = Debug;
		};
		2AD085D1165979970062B1D1 /* Release */ = {
			isa = XCBuildConfiguration;
			buildSettings = {
				GCC_PRECOMPILE_PREFIX_HEADER = YES;
				GCC_PREFIX_HEADER = "Demo/Demo-Prefix.pch";
				INFOPLIST_FILE = "Demo/Demo-Info.plist";
				PRODUCT_NAME = "$(TARGET_NAME)";
				WRAPPER_EXTENSION = app;
			};
			name = Release;
		};
		2AD085D3165979970062B1D1 /* Debug */ = {
			isa = XCBuildConfiguration;
			buildSettings = {
				BUNDLE_LOADER = "$(BUILT_PRODUCTS_DIR)/Demo.app/Demo";
				FRAMEWORK_SEARCH_PATHS = (
					"\"$(SDKROOT)/Developer/Library/Frameworks\"",
					"\"$(DEVELOPER_LIBRARY_DIR)/Frameworks\"",
				);
				GCC_PRECOMPILE_PREFIX_HEADER = YES;
				GCC_PREFIX_HEADER = "Demo/Demo-Prefix.pch";
				INFOPLIST_FILE = "DemoTests/DemoTests-Info.plist";
				PRODUCT_NAME = "$(TARGET_NAME)";
				TEST_HOST = "$(BUNDLE_LOADER)";
				WRAPPER_EXTENSION = octest;
			};
			name = Debug;
		};
		2AD085D4165979970062B1D1 /* Release */ = {
			isa = XCBuildConfiguration;
			buildSettings = {
				BUNDLE_LOADER = "$(BUILT_PRODUCTS_DIR)/Demo.app/Demo";
				FRAMEWORK_SEARCH_PATHS = (
					"\"$(SDKROOT)/Developer/Library/Frameworks\"",
					"\"$(DEVELOPER_LIBRARY_DIR)/Frameworks\"",
				);
				GCC_PRECOMPILE_PREFIX_HEADER = YES;
				GCC_PREFIX_HEADER = "Demo/Demo-Prefix.pch";
				INFOPLIST_FILE = "DemoTests/DemoTests-Info.plist";
				PRODUCT_NAME = "$(TARGET_NAME)";
				TEST_HOST = "$(BUNDLE_LOADER)";
				WRAPPER_EXTENSION = octest;
			};
			name = Release;
		};
/* End XCBuildConfiguration section */

/* Begin XCConfigurationList section */
		2AD08582165979960062B1D1 /* Build configuration list for PBXProject "Demo" */ = {
			isa = XCConfigurationList;
			buildConfigurations = (
				2AD085CD165979970062B1D1 /* Debug */,
				2AD085CE165979970062B1D1 /* Release */,
			);
			defaultConfigurationIsVisible = 0;
			defaultConfigurationName = Release;
		};
		2AD085CF165979970062B1D1 /* Build configuration list for PBXNativeTarget "Demo" */ = {
			isa = XCConfigurationList;
			buildConfigurations = (
				2AD085D0165979970062B1D1 /* Debug */,
				2AD085D1165979970062B1D1 /* Release */,
			);
			defaultConfigurationIsVisible = 0;
		};
		2AD085D2165979970062B1D1 /* Build configuration list for PBXNativeTarget "DemoTests" */ = {
			isa = XCConfigurationList;
			buildConfigurations = (
				2AD085D3165979970062B1D1 /* Debug */,
				2AD085D4165979970062B1D1 /* Release */,
			);
			defaultConfigurationIsVisible = 0;
		};
/* End XCConfigurationList section */
	};
	rootObject = 2AD0857F165979960062B1D1 /* Project object */;
}
